
Microsoft Visual Studio Solution File, Format Version 12.00
# Visual Studio 15
VisualStudioVersion = 15.0.28010.2003
MinimumVisualStudioVersion = 10.0.40219.1
Project("{FAE04EC0-301F-11D3-BF4B-00C04F79EFBC}") = "TBQuestGame", "TBQuestGame\TBQuestGame.csproj", "{34F57A08-9737-4C72-B993-1FE2976C39ED}"
EndProject
Global
	GlobalSection(SolutionConfigurationPlatforms) = preSolution
		Debug|Any CPU = Debug|Any CPU
		Release|Any CPU = Release|Any CPU
	EndGlobalSection
	GlobalSection(ProjectConfigurationPlatforms) = postSolution
		{34F57A08-9737-4C72-B993-1FE2976C39ED}.Debug|Any CPU.ActiveCfg = Debug|Any CPU
		{34F57A08-9737-4C72-B993-1FE2976C39ED}.Debug|Any CPU.Build.0 = Debug|Any CPU
		{34F57A08-9737-4C72-B993-1FE2976C39ED}.Release|Any CPU.ActiveCfg = Release|Any CPU
		{34F57A08-9737-4C72-B993-1FE2976C39ED}.Release|Any CPU.Build.0 = Release|Any CPU
	EndGlobalSection
	GlobalSection(SolutionProperties) = preSolution
		HideSolutionNode = FALSE
	EndGlobalSection
	GlobalSection(ExtensibilityGlobals) = postSolution
		SolutionGuid = {7C592B52-CC73-4978-8B31-1184E234D52B}
	EndGlobalSection
EndGlobal
